
Microsoft Visual Studio Solution File, Format Version 12.00
# Visual Studio Version 17
VisualStudioVersion = 17.4.33403.182
MinimumVisualStudioVersion = 10.0.40219.1
Project("{9A19103F-16F7-4668-BE54-9A1E7A4F7556}") = "FileShareService.DesktopClient", "file-share-service-desktop-client\FileShareService.DesktopClient.csproj", "{9F9BB124-2F37-4309-B4A4-9705A6E06A39}"
EndProject
Project("{9A19103F-16F7-4668-BE54-9A1E7A4F7556}") = "FileShareService.DesktopClient.Core", "FileShareService.DesktopClient.Core\FileShareService.DesktopClient.Core.csproj", "{699FDB51-37C7-4BEB-910F-C498CCC1AC6D}"
EndProject
Project("{2150E333-8FDC-42A3-9474-1A3956D46DE8}") = "Solution Items", "Solution Items", "{3100F390-860E-493D-B3E1-103EFCCFAFA4}"
	ProjectSection(SolutionItems) = preProject
		.editorconfig = .editorconfig
		azure-pipelines.yml = azure-pipelines.yml
		NVDSuppressions.xml = NVDSuppressions.xml
		remove.txt = remove.txt
	EndProjectSection
EndProject
Project("{2150E333-8FDC-42A3-9474-1A3956D46DE8}") = "Tests", "Tests", "{88192E4B-FD8E-4D67-8D9B-BF5D3D395A5E}"
EndProject
Project("{2150E333-8FDC-42A3-9474-1A3956D46DE8}") = "UnitTests", "UnitTests", "{EB4C3128-9FB6-453E-AD93-34B69B9ED27F}"
EndProject
Project("{9A19103F-16F7-4668-BE54-9A1E7A4F7556}") = "FileShareService.DesktopClientTests", "Tests\UnitTests\FileShareService.DesktopClientTests\FileShareService.DesktopClientTests.csproj", "{675A2815-2BD0-4B71-9AE6-89BB21E2539F}"
EndProject
Project("{9A19103F-16F7-4668-BE54-9A1E7A4F7556}") = "FileShareService.DesktopClient.CoreTests", "Tests\UnitTests\FileShareService.DesktopClient.CoreTests\FileShareService.DesktopClient.CoreTests.csproj", "{3BC776C5-AEF0-4188-A119-D0EC79E375E1}"
EndProject
Project("{930C7802-8A8C-48F9-8165-68863BCCD9DD}") = "FileShareService.DesktopClient.Installer", "Installer\FileShareService.DesktopClient.Installer\FileShareService.DesktopClient.Installer.wixproj", "{9B69DEF5-2AE8-4F4C-96E4-CB5C1E533D27}"
EndProject
Global
	GlobalSection(SolutionConfigurationPlatforms) = preSolution
		Debug|Any CPU = Debug|Any CPU
		Debug|x86 = Debug|x86
		Release_Installer|Any CPU = Release_Installer|Any CPU
		Release_Installer|x86 = Release_Installer|x86
		Release|Any CPU = Release|Any CPU
		Release|x86 = Release|x86
	EndGlobalSection
	GlobalSection(ProjectConfigurationPlatforms) = postSolution
		{9F9BB124-2F37-4309-B4A4-9705A6E06A39}.Debug|Any CPU.ActiveCfg = Debug|Any CPU
		{9F9BB124-2F37-4309-B4A4-9705A6E06A39}.Debug|Any CPU.Build.0 = Debug|Any CPU
		{9F9BB124-2F37-4309-B4A4-9705A6E06A39}.Debug|x86.ActiveCfg = Debug|Any CPU
		{9F9BB124-2F37-4309-B4A4-9705A6E06A39}.Debug|x86.Build.0 = Debug|Any CPU
		{9F9BB124-2F37-4309-B4A4-9705A6E06A39}.Release_Installer|Any CPU.ActiveCfg = Release|Any CPU
		{9F9BB124-2F37-4309-B4A4-9705A6E06A39}.Release_Installer|x86.ActiveCfg = Release|Any CPU
		{9F9BB124-2F37-4309-B4A4-9705A6E06A39}.Release_Installer|x86.Build.0 = Release|Any CPU
		{9F9BB124-2F37-4309-B4A4-9705A6E06A39}.Release|Any CPU.ActiveCfg = Release|Any CPU
		{9F9BB124-2F37-4309-B4A4-9705A6E06A39}.Release|Any CPU.Build.0 = Release|Any CPU
		{9F9BB124-2F37-4309-B4A4-9705A6E06A39}.Release|x86.ActiveCfg = Release|Any CPU
		{9F9BB124-2F37-4309-B4A4-9705A6E06A39}.Release|x86.Build.0 = Release|Any CPU
		{699FDB51-37C7-4BEB-910F-C498CCC1AC6D}.Debug|Any CPU.ActiveCfg = Debug|Any CPU
		{699FDB51-37C7-4BEB-910F-C498CCC1AC6D}.Debug|Any CPU.Build.0 = Debug|Any CPU
		{699FDB51-37C7-4BEB-910F-C498CCC1AC6D}.Debug|x86.ActiveCfg = Debug|Any CPU
		{699FDB51-37C7-4BEB-910F-C498CCC1AC6D}.Debug|x86.Build.0 = Debug|Any CPU
		{699FDB51-37C7-4BEB-910F-C498CCC1AC6D}.Release_Installer|Any CPU.ActiveCfg = Release|Any CPU
		{699FDB51-37C7-4BEB-910F-C498CCC1AC6D}.Release_Installer|x86.ActiveCfg = Release|Any CPU
		{699FDB51-37C7-4BEB-910F-C498CCC1AC6D}.Release_Installer|x86.Build.0 = Release|Any CPU
		{699FDB51-37C7-4BEB-910F-C498CCC1AC6D}.Release|Any CPU.ActiveCfg = Release|Any CPU
		{699FDB51-37C7-4BEB-910F-C498CCC1AC6D}.Release|Any CPU.Build.0 = Release|Any CPU
		{699FDB51-37C7-4BEB-910F-C498CCC1AC6D}.Release|x86.ActiveCfg = Release|Any CPU
		{699FDB51-37C7-4BEB-910F-C498CCC1AC6D}.Release|x86.Build.0 = Release|Any CPU
		{675A2815-2BD0-4B71-9AE6-89BB21E2539F}.Debug|Any CPU.ActiveCfg = Debug|Any CPU
		{675A2815-2BD0-4B71-9AE6-89BB21E2539F}.Debug|Any CPU.Build.0 = Debug|Any CPU
		{675A2815-2BD0-4B71-9AE6-89BB21E2539F}.Debug|x86.ActiveCfg = Debug|Any CPU
		{675A2815-2BD0-4B71-9AE6-89BB21E2539F}.Debug|x86.Build.0 = Debug|Any CPU
		{675A2815-2BD0-4B71-9AE6-89BB21E2539F}.Release_Installer|Any CPU.ActiveCfg = Release|Any CPU
		{675A2815-2BD0-4B71-9AE6-89BB21E2539F}.Release_Installer|x86.ActiveCfg = Release|Any CPU
		{675A2815-2BD0-4B71-9AE6-89BB21E2539F}.Release_Installer|x86.Build.0 = Release|Any CPU
		{675A2815-2BD0-4B71-9AE6-89BB21E2539F}.Release|Any CPU.ActiveCfg = Release|Any CPU
		{675A2815-2BD0-4B71-9AE6-89BB21E2539F}.Release|Any CPU.Build.0 = Release|Any CPU
		{675A2815-2BD0-4B71-9AE6-89BB21E2539F}.Release|x86.ActiveCfg = Release|Any CPU
		{675A2815-2BD0-4B71-9AE6-89BB21E2539F}.Release|x86.Build.0 = Release|Any CPU
		{3BC776C5-AEF0-4188-A119-D0EC79E375E1}.Debug|Any CPU.ActiveCfg = Debug|Any CPU
		{3BC776C5-AEF0-4188-A119-D0EC79E375E1}.Debug|Any CPU.Build.0 = Debug|Any CPU
		{3BC776C5-AEF0-4188-A119-D0EC79E375E1}.Debug|x86.ActiveCfg = Debug|Any CPU
		{3BC776C5-AEF0-4188-A119-D0EC79E375E1}.Debug|x86.Build.0 = Debug|Any CPU
		{3BC776C5-AEF0-4188-A119-D0EC79E375E1}.Release_Installer|Any CPU.ActiveCfg = Release|Any CPU
		{3BC776C5-AEF0-4188-A119-D0EC79E375E1}.Release_Installer|x86.ActiveCfg = Release|Any CPU
		{3BC776C5-AEF0-4188-A119-D0EC79E375E1}.Release_Installer|x86.Build.0 = Release|Any CPU
		{3BC776C5-AEF0-4188-A119-D0EC79E375E1}.Release|Any CPU.ActiveCfg = Release|Any CPU
		{3BC776C5-AEF0-4188-A119-D0EC79E375E1}.Release|Any CPU.Build.0 = Release|Any CPU
		{3BC776C5-AEF0-4188-A119-D0EC79E375E1}.Release|x86.ActiveCfg = Release|Any CPU
		{3BC776C5-AEF0-4188-A119-D0EC79E375E1}.Release|x86.Build.0 = Release|Any CPU
		{9B69DEF5-2AE8-4F4C-96E4-CB5C1E533D27}.Debug|Any CPU.ActiveCfg = Debug|x86
		{9B69DEF5-2AE8-4F4C-96E4-CB5C1E533D27}.Debug|x86.ActiveCfg = Debug|x86
		{9B69DEF5-2AE8-4F4C-96E4-CB5C1E533D27}.Debug|x86.Build.0 = Debug|x86
		{9B69DEF5-2AE8-4F4C-96E4-CB5C1E533D27}.Release_Installer|Any CPU.ActiveCfg = Release|x86
		{9B69DEF5-2AE8-4F4C-96E4-CB5C1E533D27}.Release_Installer|Any CPU.Build.0 = Release|x86
		{9B69DEF5-2AE8-4F4C-96E4-CB5C1E533D27}.Release_Installer|x86.ActiveCfg = Release|x86
		{9B69DEF5-2AE8-4F4C-96E4-CB5C1E533D27}.Release_Installer|x86.Build.0 = Release|x86
		{9B69DEF5-2AE8-4F4C-96E4-CB5C1E533D27}.Release|Any CPU.ActiveCfg = Release|x86
		{9B69DEF5-2AE8-4F4C-96E4-CB5C1E533D27}.Release|x86.ActiveCfg = Release|x86
		{9B69DEF5-2AE8-4F4C-96E4-CB5C1E533D27}.Release|x86.Build.0 = Release|x86
	EndGlobalSection
	GlobalSection(SolutionProperties) = preSolution
		HideSolutionNode = FALSE
	EndGlobalSection
	GlobalSection(NestedProjects) = preSolution
		{EB4C3128-9FB6-453E-AD93-34B69B9ED27F} = {88192E4B-FD8E-4D67-8D9B-BF5D3D395A5E}
		{675A2815-2BD0-4B71-9AE6-89BB21E2539F} = {EB4C3128-9FB6-453E-AD93-34B69B9ED27F}
		{3BC776C5-AEF0-4188-A119-D0EC79E375E1} = {EB4C3128-9FB6-453E-AD93-34B69B9ED27F}
	EndGlobalSection
	GlobalSection(ExtensibilityGlobals) = postSolution
		SolutionGuid = {25F7C955-7653-4D77-99DB-44191DCD2682}
	EndGlobalSection
EndGlobal
